// !$*UTF8*$!
{
	archiveVersion = 1;
	classes = {
	};
	objectVersion = 46;
	objects = {

/* Begin PBXBuildFile section */
		279FCAAE1A76BA4500697F2F /* main.m in Sources */ = {isa = PBXBuildFile; fileRef = 279FCAAD1A76BA4500697F2F /* main.m */; };
		279FCAB11A76BA4500697F2F /* AppDelegate.m in Sources */ = {isa = PBXBuildFile; fileRef = 279FCAB01A76BA4500697F2F /* AppDelegate.m */; };
		279FCAB41A76BA4500697F2F /* ViewController.m in Sources */ = {isa = PBXBuildFile; fileRef = 279FCAB31A76BA4500697F2F /* ViewController.m */; };
		279FCAB71A76BA4500697F2F /* Main.storyboard in Resources */ = {isa = PBXBuildFile; fileRef = 279FCAB51A76BA4500697F2F /* Main.storyboard */; };
		279FCAB91A76BA4500697F2F /* Images.xcassets in Resources */ = {isa = PBXBuildFile; fileRef = 279FCAB81A76BA4500697F2F /* Images.xcassets */; };
		279FCABC1A76BA4500697F2F /* LaunchScreen.xib in Resources */ = {isa = PBXBuildFile; fileRef = 279FCABA1A76BA4500697F2F /* LaunchScreen.xib */; };
		279FCAC81A76BA4500697F2F /* ToDoListTests.m in Sources */ = {isa = PBXBuildFile; fileRef = 279FCAC71A76BA4500697F2F /* ToDoListTests.m */; };
		279FCAD61A76CA6100697F2F /* AddToDoItemViewController.m in Sources */ = {isa = PBXBuildFile; fileRef = 279FCAD51A76CA6100697F2F /* AddToDoItemViewController.m */; };
		279FCAD91A76CB1800697F2F /* ToDoListTableViewController.m in Sources */ = {isa = PBXBuildFile; fileRef = 279FCAD81A76CB1800697F2F /* ToDoListTableViewController.m */; };
		279FCADC1A76CD2500697F2F /* ToDoItem.m in Sources */ = {isa = PBXBuildFile; fileRef = 279FCADB1A76CD2500697F2F /* ToDoItem.m */; };
/* End PBXBuildFile section */

/* Begin PBXContainerItemProxy section */
		279FCAC21A76BA4500697F2F /* PBXContainerItemProxy */ = {
			isa = PBXContainerItemProxy;
			containerPortal = 279FCAA01A76BA4500697F2F /* Project object */;
			proxyType = 1;
			remoteGlobalIDString = 279FCAA71A76BA4500697F2F;
			remoteInfo = ToDoList;
		};
/* End PBXContainerItemProxy section */

/* Begin PBXFileReference section */
		279FCAA81A76BA4500697F2F /* ToDoList.app */ = {isa = PBXFileReference; explicitFileType = wrapper.application; includeInIndex = 0; path = ToDoList.app; sourceTree = BUILT_PRODUCTS_DIR; };
		279FCAAC1A76BA4500697F2F /* Info.plist */ = {isa = PBXFileReference; lastKnownFileType = text.plist.xml; path = Info.plist; sourceTree = "<group>"; };
		279FCAAD1A76BA4500697F2F /* main.m */ = {isa = PBXFileReference; lastKnownFileType = sourcecode.c.objc; path = main.m; sourceTree = "<group>"; };
		279FCAAF1A76BA4500697F2F /* AppDelegate.h */ = {isa = PBXFileReference; lastKnownFileType = sourcecode.c.h; path = AppDelegate.h; sourceTree = "<group>"; };
		279FCAB01A76BA4500697F2F /* AppDelegate.m */ = {isa = PBXFileReference; lastKnownFileType = sourcecode.c.objc; path = AppDelegate.m; sourceTree = "<group>"; };
		279FCAB21A76BA4500697F2F /* ViewController.h */ = {isa = PBXFileReference; lastKnownFileType = sourcecode.c.h; path = ViewController.h; sourceTree = "<group>"; };
		279FCAB31A76BA4500697F2F /* ViewController.m */ = {isa = PBXFileReference; lastKnownFileType = sourcecode.c.objc; path = ViewController.m; sourceTree = "<group>"; };
		279FCAB61A76BA4500697F2F /* Base */ = {isa = PBXFileReference; lastKnownFileType = file.storyboard; name = Base; path = Base.lproj/Main.storyboard; sourceTree = "<group>"; };
		279FCAB81A76BA4500697F2F /* Images.xcassets */ = {isa = PBXFileReference; lastKnownFileType = folder.assetcatalog; path = Images.xcassets; sourceTree = "<group>"; };
		279FCABB1A76BA4500697F2F /* Base */ = {isa = PBXFileReference; lastKnownFileType = file.xib; name = Base; path = Base.lproj/LaunchScreen.xib; sourceTree = "<group>"; };
		279FCAC11A76BA4500697F2F /* ToDoListTests.xctest */ = {isa = PBXFileReference; explicitFileType = wrapper.cfbundle; includeInIndex = 0; path = ToDoListTests.xctest; sourceTree = BUILT_PRODUCTS_DIR; };
		279FCAC61A76BA4500697F2F /* Info.plist */ = {isa = PBXFileReference; lastKnownFileType = text.plist.xml; path = Info.plist; sourceTree = "<group>"; };
		279FCAC71A76BA4500697F2F /* ToDoListTests.m */ = {isa = PBXFileReference; lastKnownFileType = sourcecode.c.objc; path = ToDoListTests.m; sourceTree = "<group>"; };
		279FCAD41A76CA6100697F2F /* AddToDoItemViewController.h */ = {isa = PBXFileReference; fileEncoding = 4; lastKnownFileType = sourcecode.c.h; path = AddToDoItemViewController.h; sourceTree = "<group>"; };
		279FCAD51A76CA6100697F2F /* AddToDoItemViewController.m */ = {isa = PBXFileReference; fileEncoding = 4; lastKnownFileType = sourcecode.c.objc; path = AddToDoItemViewController.m; sourceTree = "<group>"; };
		279FCAD71A76CB1800697F2F /* ToDoListTableViewController.h */ = {isa = PBXFileReference; fileEncoding = 4; lastKnownFileType = sourcecode.c.h; path = ToDoListTableViewController.h; sourceTree = "<group>"; };
		279FCAD81A76CB1800697F2F /* ToDoListTableViewController.m */ = {isa = PBXFileReference; fileEncoding = 4; lastKnownFileType = sourcecode.c.objc; path = ToDoListTableViewController.m; sourceTree = "<group>"; };
		279FCADA1A76CD2500697F2F /* ToDoItem.h */ = {isa = PBXFileReference; fileEncoding = 4; lastKnownFileType = sourcecode.c.h; path = ToDoItem.h; sourceTree = "<group>"; };
		279FCADB1A76CD2500697F2F /* ToDoItem.m */ = {isa = PBXFileReference; fileEncoding = 4; lastKnownFileType = sourcecode.c.objc; path = ToDoItem.m; sourceTree = "<group>"; };
/* End PBXFileReference section */

/* Begin PBXFrameworksBuildPhase section */
		279FCAA51A76BA4500697F2F /* Frameworks */ = {
			isa = PBXFrameworksBuildPhase;
			buildActionMask = 2147483647;
			files = (
			);
			runOnlyForDeploymentPostprocessing = 0;
		};
		279FCABE1A76BA4500697F2F /* Frameworks */ = {
			isa = PBXFrameworksBuildPhase;
			buildActionMask = 2147483647;
			files = (
			);
			runOnlyForDeploymentPostprocessing = 0;
		};
/* End PBXFrameworksBuildPhase section */

/* Begin PBXGroup section */
		279FCA9F1A76BA4500697F2F = {
			isa = PBXGroup;
			children = (
				279FCAAA1A76BA4500697F2F /* ToDoList */,
				279FCAC41A76BA4500697F2F /* ToDoListTests */,
				279FCAA91A76BA4500697F2F /* Products */,
			);
			sourceTree = "<group>";
		};
		279FCAA91A76BA4500697F2F /* Products */ = {
			isa = PBXGroup;
			children = (
				279FCAA81A76BA4500697F2F /* ToDoList.app */,
				279FCAC11A76BA4500697F2F /* ToDoListTests.xctest */,
			);
			name = Products;
			sourceTree = "<group>";
		};
		279FCAAA1A76BA4500697F2F /* ToDoList */ = {
			isa = PBXGroup;
			children = (
				279FCAAF1A76BA4500697F2F /* AppDelegate.h */,
				279FCAB01A76BA4500697F2F /* AppDelegate.m */,
				279FCAB21A76BA4500697F2F /* ViewController.h */,
				279FCAB31A76BA4500697F2F /* ViewController.m */,
				279FCAB51A76BA4500697F2F /* Main.storyboard */,
				279FCAD71A76CB1800697F2F /* ToDoListTableViewController.h */,
				279FCAD81A76CB1800697F2F /* ToDoListTableViewController.m */,
				279FCAB81A76BA4500697F2F /* Images.xcassets */,
				279FCABA1A76BA4500697F2F /* LaunchScreen.xib */,
				279FCAAB1A76BA4500697F2F /* Supporting Files */,
				279FCAD41A76CA6100697F2F /* AddToDoItemViewController.h */,
				279FCAD51A76CA6100697F2F /* AddToDoItemViewController.m */,
				279FCADA1A76CD2500697F2F /* ToDoItem.h */,
				279FCADB1A76CD2500697F2F /* ToDoItem.m */,
			);
			path = ToDoList;
			sourceTree = "<group>";
		};
		279FCAAB1A76BA4500697F2F /* Supporting Files */ = {
			isa = PBXGroup;
			children = (
				279FCAAC1A76BA4500697F2F /* Info.plist */,
				279FCAAD1A76BA4500697F2F /* main.m */,
			);
			name = "Supporting Files";
			sourceTree = "<group>";
		};
		279FCAC41A76BA4500697F2F /* ToDoListTests */ = {
			isa = PBXGroup;
			children = (
				279FCAC71A76BA4500697F2F /* ToDoListTests.m */,
				279FCAC51A76BA4500697F2F /* Supporting Files */,
			);
			path = ToDoListTests;
			sourceTree = "<group>";
		};
		279FCAC51A76BA4500697F2F /* Supporting Files */ = {
			isa = PBXGroup;
			children = (
				279FCAC61A76BA4500697F2F /* Info.plist */,
			);
			name = "Supporting Files";
			sourceTree = "<group>";
		};
/* End PBXGroup section */

/* Begin PBXNativeTarget section */
		279FCAA71A76BA4500697F2F /* ToDoList */ = {
			isa = PBXNativeTarget;
			buildConfigurationList = 279FCACB1A76BA4500697F2F /* Build configuration list for PBXNativeTarget "ToDoList" */;
			buildPhases = (
				279FCAA41A76BA4500697F2F /* Sources */,
				279FCAA51A76BA4500697F2F /* Frameworks */,
				279FCAA61A76BA4500697F2F /* Resources */,
			);
			buildRules = (
			);
			dependencies = (
			);
			name = ToDoList;
			productName = ToDoList;
			productReference = 279FCAA81A76BA4500697F2F /* ToDoList.app */;
			productType = "com.apple.product-type.application";
		};
		279FCAC01A76BA4500697F2F /* ToDoListTests */ = {
			isa = PBXNativeTarget;
			buildConfigurationList = 279FCACE1A76BA4500697F2F /* Build configuration list for PBXNativeTarget "ToDoListTests" */;
			buildPhases = (
				279FCABD1A76BA4500697F2F /* Sources */,
				279FCABE1A76BA4500697F2F /* Frameworks */,
				279FCABF1A76BA4500697F2F /* Resources */,
			);
			buildRules = (
			);
			dependencies = (
				279FCAC31A76BA4500697F2F /* PBXTargetDependency */,
			);
			name = ToDoListTests;
			productName = ToDoListTests;
			productReference = 279FCAC11A76BA4500697F2F /* ToDoListTests.xctest */;
			productType = "com.apple.product-type.bundle.unit-test";
		};
/* End PBXNativeTarget section */

/* Begin PBXProject section */
		279FCAA01A76BA4500697F2F /* Project object */ = {
			isa = PBXProject;
			attributes = {
				LastUpgradeCheck = 0610;
				ORGANIZATIONNAME = Zhong;
				TargetAttributes = {
					279FCAA71A76BA4500697F2F = {
						CreatedOnToolsVersion = 6.1.1;
					};
					279FCAC01A76BA4500697F2F = {
						CreatedOnToolsVersion = 6.1.1;
						TestTargetID = 279FCAA71A76BA4500697F2F;
					};
				};
			};
			buildConfigurationList = 279FCAA31A76BA4500697F2F /* Build configuration list for PBXProject "ToDoList" */;
			compatibilityVersion = "Xcode 3.2";
			developmentRegion = English;
			hasScannedForEncodings = 0;
			knownRegions = (
				en,
				Base,
			);
			mainGroup = 279FCA9F1A76BA4500697F2F;
			productRefGroup = 279FCAA91A76BA4500697F2F /* Products */;
			projectDirPath = "";
			projectRoot = "";
			targets = (
				279FCAA71A76BA4500697F2F /* ToDoList */,
				279FCAC01A76BA4500697F2F /* ToDoListTests */,
			);
		};
/* End PBXProject section */

/* Begin PBXResourcesBuildPhase section */
		279FCAA61A76BA4500697F2F /* Resources */ = {
			isa = PBXResourcesBuildPhase;
			buildActionMask = 2147483647;
			files = (
				279FCAB71A76BA4500697F2F /* Main.storyboard in Resources */,
				279FCABC1A76BA4500697F2F /* LaunchScreen.xib in Resources */,
				279FCAB91A76BA4500697F2F /* Images.xcassets in Resources */,
			);
			runOnlyForDeploymentPostprocessing = 0;
		};
		279FCABF1A76BA4500697F2F /* Resources */ = {
			isa = PBXResourcesBuildPhase;
			buildActionMask = 2147483647;
			files = (
			);
			runOnlyForDeploymentPostprocessing = 0;
		};
/* End PBXResourcesBuildPhase section */

/* Begin PBXSourcesBuildPhase section */
		279FCAA41A76BA4500697F2F /* Sources */ = {
			isa = PBXSourcesBuildPhase;
			buildActionMask = 2147483647;
			files = (
				279FCADC1A76CD2500697F2F /* ToDoItem.m in Sources */,
				279FCAB41A76BA4500697F2F /* ViewController.m in Sources */,
				279FCAB11A76BA4500697F2F /* AppDelegate.m in Sources */,
				279FCAAE1A76BA4500697F2F /* main.m in Sources */,
				279FCAD91A76CB1800697F2F /* ToDoListTableViewController.m in Sources */,
				279FCAD61A76CA6100697F2F /* AddToDoItemViewController.m in Sources */,
			);
			runOnlyForDeploymentPostprocessing = 0;
		};
		279FCABD1A76BA4500697F2F /* Sources */ = {
			isa = PBXSourcesBuildPhase;
			buildActionMask = 2147483647;
			files = (
				279FCAC81A76BA4500697F2F /* ToDoListTests.m in Sources */,
			);
			runOnlyForDeploymentPostprocessing = 0;
		};
/* End PBXSourcesBuildPhase section */

/* Begin PBXTargetDependency section */
		279FCAC31A76BA4500697F2F /* PBXTargetDependency */ = {
			isa = PBXTargetDependency;
			target = 279FCAA71A76BA4500697F2F /* ToDoList */;
			targetProxy = 279FCAC21A76BA4500697F2F /* PBXContainerItemProxy */;
		};
/* End PBXTargetDependency section */

/* Begin PBXVariantGroup section */
		279FCAB51A76BA4500697F2F /* Main.storyboard */ = {
			isa = PBXVariantGroup;
			children = (
				279FCAB61A76BA4500697F2F /* Base */,
			);
			name = Main.storyboard;
			sourceTree = "<group>";
		};
		279FCABA1A76BA4500697F2F /* LaunchScreen.xib */ = {
			isa = PBXVariantGroup;
			children = (
				279FCABB1A76BA4500697F2F /* Base */,
			);
			name = LaunchScreen.xib;
			sourceTree = "<group>";
		};
/* End PBXVariantGroup section */

/* Begin XCBuildConfiguration section */
		279FCAC91A76BA4500697F2F /* Debug */ = {
			isa = XCBuildConfiguration;
			buildSettings = {
				ALWAYS_SEARCH_USER_PATHS = NO;
				CLANG_CXX_LANGUAGE_STANDARD = "gnu++0x";
				CLANG_CXX_LIBRARY = "libc++";
				CLANG_ENABLE_MODULES = YES;
				CLANG_ENABLE_OBJC_ARC = YES;
				CLANG_WARN_BOOL_CONVERSION = YES;
				CLANG_WARN_CONSTANT_CONVERSION = YES;
				CLANG_WARN_DIRECT_OBJC_ISA_USAGE = YES_ERROR;
				CLANG_WARN_EMPTY_BODY = YES;
				CLANG_WARN_ENUM_CONVERSION = YES;
				CLANG_WARN_INT_CONVERSION = YES;
				CLANG_WARN_OBJC_ROOT_CLASS = YES_ERROR;
				CLANG_WARN_UNREACHABLE_CODE = YES;
				CLANG_WARN__DUPLICATE_METHOD_MATCH = YES;
				"CODE_SIGN_IDENTITY[sdk=iphoneos*]" = "iPhone Developer";
				COPY_PHASE_STRIP = NO;
				ENABLE_STRICT_OBJC_MSGSEND = YES;
				GCC_C_LANGUAGE_STANDARD = gnu99;
				GCC_DYNAMIC_NO_PIC = NO;
				GCC_OPTIMIZATION_LEVEL = 0;
				GCC_PREPROCESSOR_DEFINITIONS = (
					"DEBUG=1",
					"$(inherited)",
				);
				GCC_SYMBOLS_PRIVATE_EXTERN = NO;
				GCC_WARN_64_TO_32_BIT_CONVERSION = YES;
				GCC_WARN_ABOUT_RETURN_TYPE = YES_ERROR;
				GCC_WARN_UNDECLARED_SELECTOR = YES;
				GCC_WARN_UNINITIALIZED_AUTOS = YES_AGGRESSIVE;
				GCC_WARN_UNUSED_FUNCTION = YES;
				GCC_WARN_UNUSED_VARIABLE = YES;
				IPHONEOS_DEPLOYMENT_TARGET = 8.1;
				MTL_ENABLE_DEBUG_INFO = YES;
				ONLY_ACTIVE_ARCH = YES;
				SDKROOT = iphoneos;
				TARGETED_DEVICE_FAMILY = "1,2";
			};
			name = Debug;
		};
		279FCACA1A76BA4500697F2F /* Release */ = {
			isa = XCBuildConfiguration;
			buildSettings = {
				ALWAYS_SEARCH_USER_PATHS = NO;
				CLANG_CXX_LANGUAGE_STANDARD = "gnu++0x";
				CLANG_CXX_LIBRARY = "libc++";
				CLANG_ENABLE_MODULES = YES;
				CLANG_ENABLE_OBJC_ARC = YES;
				CLANG_WARN_BOOL_CONVERSION = YES;
				CLANG_WARN_CONSTANT_CONVERSION = YES;
				CLANG_WARN_DIRECT_OBJC_ISA_USAGE = YES_ERROR;
				CLANG_WARN_EMPTY_BODY = YES;
				CLANG_WARN_ENUM_CONVERSION = YES;
				CLANG_WARN_INT_CONVERSION = YES;
				CLANG_WARN_OBJC_ROOT_CLASS = YES_ERROR;
				CLANG_WARN_UNREACHABLE_CODE = YES;
				CLANG_WARN__DUPLICATE_METHOD_MATCH = YES;
				"CODE_SIGN_IDENTITY[sdk=iphoneos*]" = "iPhone Developer";
				COPY_PHASE_STRIP = YES;
				ENABLE_NS_ASSERTIONS = NO;
				ENABLE_STRICT_OBJC_MSGSEND = YES;
				GCC_C_LANGUAGE_STANDARD = gnu99;
				GCC_WARN_64_TO_32_BIT_CONVERSION = YES;
				GCC_WARN_ABOUT_RETURN_TYPE = YES_ERROR;
				GCC_WARN_UNDECLARED_SELECTOR = YES;
				GCC_WARN_UNINITIALIZED_AUTOS = YES_AGGRESSIVE;
				GCC_WARN_UNUSED_FUNCTION = YES;
				GCC_WARN_UNUSED_VARIABLE = YES;
				IPHONEOS_DEPLOYMENT_TARGET = 8.1;
				MTL_ENABLE_DEBUG_INFO = NO;
				SDKROOT = iphoneos;
				TARGETED_DEVICE_FAMILY = "1,2";
				VALIDATE_PRODUCT = YES;
			};
			name = Release;
		};
		279FCACC1A76BA4500697F2F /* Debug */ = {
			isa = XCBuildConfiguration;
			buildSettings = {
				ASSETCATALOG_COMPILER_APPICON_NAME = AppIcon;
				INFOPLIST_FILE = ToDoList/Info.plist;
				LD_RUNPATH_SEARCH_PATHS = "$(inherited) @executable_path/Frameworks";
				PRODUCT_NAME = "$(TARGET_NAME)";
			};
			name = Debug;
		};
		279FCACD1A76BA4500697F2F /* Release */ = {
			isa = XCBuildConfiguration;
			buildSettings = {
				ASSETCATALOG_COMPILER_APPICON_NAME = AppIcon;
				INFOPLIST_FILE = ToDoList/Info.plist;
				LD_RUNPATH_SEARCH_PATHS = "$(inherited) @executable_path/Frameworks";
				PRODUCT_NAME = "$(TARGET_NAME)";
			};
			name = Release;
		};
		279FCACF1A76BA4500697F2F /* Debug */ = {
			isa = XCBuildConfiguration;
			buildSettings = {
				BUNDLE_LOADER = "$(TEST_HOST)";
				FRAMEWORK_SEARCH_PATHS = (
					"$(SDKROOT)/Developer/Library/Frameworks",
					"$(inherited)",
				);
				GCC_PREPROCESSOR_DEFINITIONS = (
					"DEBUG=1",
					"$(inherited)",
				);
				INFOPLIST_FILE = ToDoListTests/Info.plist;
				LD_RUNPATH_SEARCH_PATHS = "$(inherited) @executable_path/Frameworks @loader_path/Frameworks";
				PRODUCT_NAME = "$(TARGET_NAME)";
				TEST_HOST = "$(BUILT_PRODUCTS_DIR)/ToDoList.app/ToDoList";
			};
			name = Debug;
		};
		279FCAD01A76BA4500697F2F /* Release */ = {
			isa = XCBuildConfiguration;
			buildSettings = {
				BUNDLE_LOADER = "$(TEST_HOST)";
				FRAMEWORK_SEARCH_PATHS = (
					"$(SDKROOT)/Developer/Library/Frameworks",
					"$(inherited)",
				);
				INFOPLIST_FILE = ToDoListTests/Info.plist;
				LD_RUNPATH_SEARCH_PATHS = "$(inherited) @executable_path/Frameworks @loader_path/Frameworks";
				PRODUCT_NAME = "$(TARGET_NAME)";
				TEST_HOST = "$(BUILT_PRODUCTS_DIR)/ToDoList.app/ToDoList";
			};
			name = Release;
		};
/* End XCBuildConfiguration section */

/* Begin XCConfigurationList section */
		279FCAA31A76BA4500697F2F /* Build configuration list for PBXProject "ToDoList" */ = {
			isa = XCConfigurationList;
			buildConfigurations = (
				279FCAC91A76BA4500697F2F /* Debug */,
				279FCACA1A76BA4500697F2F /* Release */,
			);
			defaultConfigurationIsVisible = 0;
			defaultConfigurationName = Release;
		};
		279FCACB1A76BA4500697F2F /* Build configuration list for PBXNativeTarget "ToDoList" */ = {
			isa = XCConfigurationList;
			buildConfigurations = (
				279FCACC1A76BA4500697F2F /* Debug */,
				279FCACD1A76BA4500697F2F /* Release */,
			);
			defaultConfigurationIsVisible = 0;
		};
		279FCACE1A76BA4500697F2F /* Build configuration list for PBXNativeTarget "ToDoListTests" */ = {
			isa = XCConfigurationList;
			buildConfigurations = (
				279FCACF1A76BA4500697F2F /* Debug */,
				279FCAD01A76BA4500697F2F /* Release */,
			);
			defaultConfigurationIsVisible = 0;
		};
/* End XCConfigurationList section */
	};
	rootObject = 279FCAA01A76BA4500697F2F /* Project object */;
}
